Microsoft Visual Studio Solution File, Format Version 12.00
# Visual Studio Version 17
VisualStudioVersion = 17.5.2.0
MinimumVisualStudioVersion = 10.0.40219.1
Project("{FAE04EC0-301F-11D3-BF4B-00C04F79EFBC}") = "M1P1-BancoDigital", "M1P1-BancoDigital.csproj", "{4F247125-8EAF-4153-8974-F28475B75D38}"
EndProject
Global
	GlobalSection(SolutionConfigurationPlatforms) = preSolution
		Debug|Any CPU = Debug|Any CPU
		Release|Any CPU = Release|Any CPU
	EndGlobalSection
	GlobalSection(ProjectConfigurationPlatforms) = postSolution
		{4F247125-8EAF-4153-8974-F28475B75D38}.Debug|Any CPU.ActiveCfg = Debug|Any CPU
		{4F247125-8EAF-4153-8974-F28475B75D38}.Debug|Any CPU.Build.0 = Debug|Any CPU
		{4F247125-8EAF-4153-8974-F28475B75D38}.Release|Any CPU.ActiveCfg = Release|Any CPU
		{4F247125-8EAF-4153-8974-F28475B75D38}.Release|Any CPU.Build.0 = Release|Any CPU
	EndGlobalSection
	GlobalSection(SolutionProperties) = preSolution
		HideSolutionNode = FALSE
	EndGlobalSection
	GlobalSection(ExtensibilityGlobals) = postSolution
		SolutionGuid = {6F85B7FC-1A72-4932-90A5-0F35C4497D42}
	EndGlobalSection
EndGlobal
